{
  "name": "@angulartoolsdr/control-material",
  "version": "20.1.4",
  "lockfileVersion": 3,
  "requires": true,
  "packages": {
    "": {
      "name": "@angulartoolsdr/control-material",
      "version": "20.1.4",
      "dependencies": {
        "@angular/animations": "20.1.4",
        "@angular/core": "20.1.4",
        "@angular/forms": "20.1.4",
        "@angular/material": "20.1.4",
        "@angular/material-moment-adapter": "20.1.4",
        "@angulartoolsdr/shared-utils": "20.1.4",
        "@katyan/datetime-picker": "^20.0.1",
        "moment": "^2.30.1",
        "ngx-toastr": "^19.0.0",
        "tslib": "^2.8.1"
      },
      "peerDependencies": {
        "@angular/common": "20.1.4",
        "@angulartoolsdr/translation": "20.1.4",
        "@fortawesome/fontawesome-svg-core": "^6.7.2",
        "@fortawesome/pro-solid-svg-icons": "^6.7.2",
        "angular-imask": "^7.6.1",
        "libphonenumber-js": "^1.12.10",
        "ngx-colors": "^3.6.0"
      }
    },
    "node_modules/@angular/animations": {
      "version": "20.1.4",
      "resolved": "https://registry.npmjs.org/@angular/animations/-/animations-20.1.4.tgz",
      "integrity": "sha512-y4mq2r6jhAj5QuA3UnWkVfok0EcA22uH+XVb4HBKY7q23/xaQYu2CGdVOVpdUsaPTf3zRD1DkAnTkV3J3ZHIiA==",
      "license": "MIT",
      "dependencies": {
        "tslib": "^2.3.0"
      },
      "engines": {
        "node": "^20.19.0 || ^22.12.0 || >=24.0.0"
      },
      "peerDependencies": {
        "@angular/common": "20.1.4",
        "@angular/core": "20.1.4"
      }
    },
    "node_modules/@angular/cdk": {
      "version": "20.1.4",
      "resolved": "https://registry.npmjs.org/@angular/cdk/-/cdk-20.1.4.tgz",
      "integrity": "sha512-Uz0fLZRWpKG7xniXSw3Hr4QEvTlVurov07BBz6nRWseGxeHCDkFqKc3UEriovCQ7ylJdR6miIu7j+h4PWLH48g==",
      "license": "MIT",
      "peer": true,
      "dependencies": {
        "parse5": "^8.0.0",
        "tslib": "^2.3.0"
      },
      "peerDependencies": {
        "@angular/common": "^20.0.0 || ^21.0.0",
        "@angular/core": "^20.0.0 || ^21.0.0",
        "rxjs": "^6.5.3 || ^7.4.0"
      }
    },
    "node_modules/@angular/common": {
      "version": "20.1.4",
      "resolved": "https://registry.npmjs.org/@angular/common/-/common-20.1.4.tgz",
      "integrity": "sha512-AL+HdsY5xL2iM1zZ55ce33U+w2LgPJZQwKvHXJJ/Hpk3rpFNamWtRPmJBeq8Z0dQV1lLTMM+2pUatH6p+5pvEg==",
      "license": "MIT",
      "peer": true,
      "dependencies": {
        "tslib": "^2.3.0"
      },
      "engines": {
        "node": "^20.19.0 || ^22.12.0 || >=24.0.0"
      },
      "peerDependencies": {
        "@angular/core": "20.1.4",
        "rxjs": "^6.5.3 || ^7.4.0"
      }
    },
    "node_modules/@angular/core": {
      "version": "20.1.4",
      "resolved": "https://registry.npmjs.org/@angular/core/-/core-20.1.4.tgz",
      "integrity": "sha512-aWDux64a9usuVU2SnF0epqjXAj8JO8jViUzZAJAuFKSCtkeNzqP+Z6DjkqsCKrNvGP7xkX1XhhepUygxgh7/6A==",
      "license": "MIT",
      "dependencies": {
        "tslib": "^2.3.0"
      },
      "engines": {
        "node": "^20.19.0 || ^22.12.0 || >=24.0.0"
      },
      "peerDependencies": {
        "@angular/compiler": "20.1.4",
        "rxjs": "^6.5.3 || ^7.4.0",
        "zone.js": "~0.15.0"
      },
      "peerDependenciesMeta": {
        "@angular/compiler": {
          "optional": true
        },
        "zone.js": {
          "optional": true
        }
      }
    },
    "node_modules/@angular/forms": {
      "version": "20.1.4",
      "resolved": "https://registry.npmjs.org/@angular/forms/-/forms-20.1.4.tgz",
      "integrity": "sha512-5gUwcV+JpzJ2rSPo1nR6iNz2Dm3iRcVCvRTsVnKhFbZCIbGLihLpoCuittsgUY/C9wh/rnmXlatmLJ7giSuUZA==",
      "license": "MIT",
      "dependencies": {
        "tslib": "^2.3.0"
      },
      "engines": {
        "node": "^20.19.0 || ^22.12.0 || >=24.0.0"
      },
      "peerDependencies": {
        "@angular/common": "20.1.4",
        "@angular/core": "20.1.4",
        "@angular/platform-browser": "20.1.4",
        "rxjs": "^6.5.3 || ^7.4.0"
      }
    },
    "node_modules/@angular/material": {
      "version": "20.1.4",
      "resolved": "https://registry.npmjs.org/@angular/material/-/material-20.1.4.tgz",
      "integrity": "sha512-V+EyzKwgqzUIAwXpr8chSMN0nKw+FEs5A/WgC2+CuW7T/FCFp6BW7Am2H51gR8onlqjLpduxyx8HLTifQ0hS6A==",
      "license": "MIT",
      "dependencies": {
        "tslib": "^2.3.0"
      },
      "peerDependencies": {
        "@angular/cdk": "20.1.4",
        "@angular/common": "^20.0.0 || ^21.0.0",
        "@angular/core": "^20.0.0 || ^21.0.0",
        "@angular/forms": "^20.0.0 || ^21.0.0",
        "@angular/platform-browser": "^20.0.0 || ^21.0.0",
        "rxjs": "^6.5.3 || ^7.4.0"
      }
    },
    "node_modules/@angular/material-moment-adapter": {
      "version": "20.1.4",
      "resolved": "https://registry.npmjs.org/@angular/material-moment-adapter/-/material-moment-adapter-20.1.4.tgz",
      "integrity": "sha512-v5QzGWN9/kgG8ZcG7v/s9BaU21wYVZKC+OKqUtpdfiomi03YwpF97G4rj0omX0nuf38Wj+agctzjdOhOOhn3hg==",
      "license": "MIT",
      "dependencies": {
        "tslib": "^2.3.0"
      },
      "peerDependencies": {
        "@angular/core": "^20.0.0 || ^21.0.0",
        "@angular/material": "20.1.4",
        "moment": "^2.18.1"
      }
    },
    "node_modules/@angular/platform-browser": {
      "version": "20.1.4",
      "resolved": "https://registry.npmjs.org/@angular/platform-browser/-/platform-browser-20.1.4.tgz",
      "integrity": "sha512-z86NsGSwm5pXCACdWBbp7SC1Xn+UGvuoRqTsi0dNUXT/3WrP6MvZT3TfNKwM63GLUqFAICSt7uFXS84D72ukvA==",
      "license": "MIT",
      "peer": true,
      "dependencies": {
        "tslib": "^2.3.0"
      },
      "engines": {
        "node": "^20.19.0 || ^22.12.0 || >=24.0.0"
      },
      "peerDependencies": {
        "@angular/animations": "20.1.4",
        "@angular/common": "20.1.4",
        "@angular/core": "20.1.4"
      },
      "peerDependenciesMeta": {
        "@angular/animations": {
          "optional": true
        }
      }
    },
    "node_modules/@angulartoolsdr/shared-utils": {
      "version": "20.1.4",
      "resolved": "https://registry.npmjs.org/@angulartoolsdr/shared-utils/-/shared-utils-20.1.4.tgz",
      "integrity": "sha512-LolM4HfATmK+QRLh+zlQEtBu84J21bsFVp6qnKcfixtoZWIXXJbUF/Ky+A0dHwdh14xrBWi265im38qrwehjyA==",
      "dependencies": {
        "imask": "^7.6.1",
        "smooth-scrollbar": "^8.8.4",
        "sweetalert2": "^11.22.2",
        "tslib": "^2.8.1"
      },
      "peerDependencies": {
        "@angular/common": "20.1.4",
        "@angular/core": "20.1.4",
        "@angulartoolsdr/translation": "20.1.4"
      }
    },
    "node_modules/@angulartoolsdr/translation": {
      "version": "20.1.4",
      "resolved": "https://registry.npmjs.org/@angulartoolsdr/translation/-/translation-20.1.4.tgz",
      "integrity": "sha512-fMqzmJWRh2rwEURWG0sFIETcg8ZQB/pTjz+hMrKtIgtN1o/7KTypvLu4qtvusytKHu+bHw7tNkwf7LzQUmjWUg==",
      "peer": true,
      "dependencies": {
        "tslib": "^2.8.1"
      },
      "peerDependencies": {
        "@angular/common": "20.1.4",
        "@angular/core": "20.1.4"
      }
    },
    "node_modules/@babel/runtime-corejs3": {
      "version": "7.28.0",
      "resolved": "https://registry.npmjs.org/@babel/runtime-corejs3/-/runtime-corejs3-7.28.0.tgz",
      "integrity": "sha512-nlIXnSqLcBij8K8TtkxbBJgfzfvi75V1pAKSM7dUXejGw12vJAqez74jZrHTsJ3Z+Aczc5Q/6JgNjKRMsVU44g==",
      "license": "MIT",
      "dependencies": {
        "core-js-pure": "^3.43.0"
      },
      "engines": {
        "node": ">=6.9.0"
      }
    },
    "node_modules/@fortawesome/fontawesome-common-types": {
      "version": "6.7.2",
      "resolved": "https://npm.fontawesome.com/@fortawesome/fontawesome-common-types/-/fontawesome-common-types-6.7.2.tgz",
      "integrity": "sha512-Zs+YeHUC5fkt7Mg1l6XTniei3k4bwG/yo3iFUtZWd/pMx9g3fdvkSK9E0FOC+++phXOka78uJcYb8JaFkW52Xg==",
      "license": "MIT",
      "peer": true,
      "engines": {
        "node": ">=6"
      }
    },
    "node_modules/@fortawesome/fontawesome-svg-core": {
      "version": "6.7.2",
      "resolved": "https://npm.fontawesome.com/@fortawesome/fontawesome-svg-core/-/fontawesome-svg-core-6.7.2.tgz",
      "integrity": "sha512-yxtOBWDrdi5DD5o1pmVdq3WMCvnobT0LU6R8RyyVXPvFRd2o79/0NCuQoCjNTeZz9EzA9xS3JxNWfv54RIHFEA==",
      "license": "MIT",
      "peer": true,
      "dependencies": {
        "@fortawesome/fontawesome-common-types": "6.7.2"
      },
      "engines": {
        "node": ">=6"
      }
    },
    "node_modules/@fortawesome/pro-solid-svg-icons": {
      "version": "6.7.2",
      "resolved": "https://npm.fontawesome.com/@fortawesome/pro-solid-svg-icons/-/pro-solid-svg-icons-6.7.2.tgz",
      "integrity": "sha512-SY2aP8d7uBlg1rNYznA9w9SVnnQhu3x/C7CCKQYcOGOC1YtPPHgIJhxKGbSzm6RkeJs1HVEfAkORX3J0XB5K9Q==",
      "license": "UNLICENSED",
      "peer": true,
      "dependencies": {
        "@fortawesome/fontawesome-common-types": "6.7.2"
      },
      "engines": {
        "node": ">=6"
      }
    },
    "node_modules/@katyan/datetime-picker": {
      "version": "20.0.1",
      "resolved": "https://registry.npmjs.org/@katyan/datetime-picker/-/datetime-picker-20.0.1.tgz",
      "integrity": "sha512-rx6UVjyvioDQEgqeFStGuiHAcTgtPXbANSCIWVXLlH5XHrKhXJo8aJFSRCGepvuzO1jaJ+4V6RgN/HI0NgA/gA==",
      "license": "MIT",
      "dependencies": {
        "tslib": "^2.3.0"
      },
      "peerDependencies": {
        "@angular/cdk": "^20.0.0",
        "@angular/common": "^20.0.0",
        "@angular/core": "^20.0.0",
        "@angular/forms": "^20.0.0",
        "@angular/material": "^20.0.0",
        "@angular/platform-browser": "^20.0.0"
      }
    },
    "node_modules/angular-imask": {
      "version": "7.6.1",
      "resolved": "https://registry.npmjs.org/angular-imask/-/angular-imask-7.6.1.tgz",
      "integrity": "sha512-RL56eHBMfo+15nLmlO/Y0Fb7eYwjc8CRl6mpUsiG7KxBQ9rsH8Va/wD6HhcYXjOuNYvGqM1aTDYAqayu1wp3Xw==",
      "license": "MIT",
      "peer": true,
      "dependencies": {
        "imask": "^7.6.1",
        "tslib": "^2.6.2"
      }
    },
    "node_modules/core-js": {
      "version": "3.43.0",
      "resolved": "https://registry.npmjs.org/core-js/-/core-js-3.43.0.tgz",
      "integrity": "sha512-N6wEbTTZSYOY2rYAn85CuvWWkCK6QweMn7/4Nr3w+gDBeBhk/x4EJeY6FPo4QzDoJZxVTv8U7CMvgWk6pOHHqA==",
      "hasInstallScript": true,
      "license": "MIT",
      "funding": {
        "type": "opencollective",
        "url": "https://opencollective.com/core-js"
      }
    },
    "node_modules/core-js-pure": {
      "version": "3.43.0",
      "resolved": "https://registry.npmjs.org/core-js-pure/-/core-js-pure-3.43.0.tgz",
      "integrity": "sha512-i/AgxU2+A+BbJdMxh3v7/vxi2SbFqxiFmg6VsDwYB4jkucrd1BZNA9a9gphC0fYMG5IBSgQcbQnk865VCLe7xA==",
      "hasInstallScript": true,
      "license": "MIT",
      "funding": {
        "type": "opencollective",
        "url": "https://opencollective.com/core-js"
      }
    },
    "node_modules/entities": {
      "version": "6.0.1",
      "resolved": "https://registry.npmjs.org/entities/-/entities-6.0.1.tgz",
      "integrity": "sha512-aN97NXWF6AWBTahfVOIrB/NShkzi5H7F9r1s9mD3cDj4Ko5f2qhhVoYMibXF7GlLveb/D2ioWay8lxI97Ven3g==",
      "license": "BSD-2-Clause",
      "peer": true,
      "engines": {
        "node": ">=0.12"
      },
      "funding": {
        "url": "https://github.com/fb55/entities?sponsor=1"
      }
    },
    "node_modules/imask": {
      "version": "7.6.1",
      "resolved": "https://registry.npmjs.org/imask/-/imask-7.6.1.tgz",
      "integrity": "sha512-sJlIFM7eathUEMChTh9Mrfw/IgiWgJqBKq2VNbyXvBZ7ev/IlO6/KQTKlV/Fm+viQMLrFLG/zCuudrLIwgK2dg==",
      "license": "MIT",
      "dependencies": {
        "@babel/runtime-corejs3": "^7.24.4"
      },
      "engines": {
        "npm": ">=4.0.0"
      }
    },
    "node_modules/libphonenumber-js": {
      "version": "1.12.10",
      "resolved": "https://registry.npmjs.org/libphonenumber-js/-/libphonenumber-js-1.12.10.tgz",
      "integrity": "sha512-E91vHJD61jekHHR/RF/E83T/CMoaLXT7cwYA75T4gim4FZjnM6hbJjVIGg7chqlSqRsSvQ3izGmOjHy1SQzcGQ==",
      "license": "MIT",
      "peer": true
    },
    "node_modules/moment": {
      "version": "2.30.1",
      "resolved": "https://registry.npmjs.org/moment/-/moment-2.30.1.tgz",
      "integrity": "sha512-uEmtNhbDOrWPFS+hdjFCBfy9f2YoyzRpwcl+DqpC6taX21FzsTLQVbMV/W7PzNSX6x/bhC1zA3c2UQ5NzH6how==",
      "license": "MIT",
      "engines": {
        "node": "*"
      }
    },
    "node_modules/ngx-colors": {
      "version": "3.6.0",
      "resolved": "https://registry.npmjs.org/ngx-colors/-/ngx-colors-3.6.0.tgz",
      "integrity": "sha512-jPFzosd7t7YHKqKTBbOxdAF67aevBTiv0UdS0i7umWQMdMfi0lwcNTrL8XLhW2YbIpy98r54zWgc0iZH5FpiZA==",
      "license": "MIT",
      "peer": true,
      "dependencies": {
        "tslib": "^2.0.0"
      },
      "peerDependencies": {
        "@angular/animations": ">=15.0.0",
        "@angular/common": ">=15.0.0",
        "@angular/core": ">=15.0.0",
        "@angular/forms": ">=15.0.0"
      }
    },
    "node_modules/ngx-toastr": {
      "version": "19.0.0",
      "resolved": "https://registry.npmjs.org/ngx-toastr/-/ngx-toastr-19.0.0.tgz",
      "integrity": "sha512-6pTnktwwWD+kx342wuMOWB4+bkyX9221pAgGz3SHOJH0/MI9erLucS8PeeJDFwbUYyh75nQ6AzVtolgHxi52dQ==",
      "license": "MIT",
      "dependencies": {
        "tslib": "^2.3.0"
      },
      "peerDependencies": {
        "@angular/common": ">=16.0.0-0",
        "@angular/core": ">=16.0.0-0",
        "@angular/platform-browser": ">=16.0.0-0"
      }
    },
    "node_modules/parse5": {
      "version": "8.0.0",
      "resolved": "https://registry.npmjs.org/parse5/-/parse5-8.0.0.tgz",
      "integrity": "sha512-9m4m5GSgXjL4AjumKzq1Fgfp3Z8rsvjRNbnkVwfu2ImRqE5D0LnY2QfDen18FSY9C573YU5XxSapdHZTZ2WolA==",
      "license": "MIT",
      "peer": true,
      "dependencies": {
        "entities": "^6.0.0"
      },
      "funding": {
        "url": "https://github.com/inikulin/parse5?sponsor=1"
      }
    },
    "node_modules/rxjs": {
      "version": "7.8.2",
      "resolved": "https://registry.npmjs.org/rxjs/-/rxjs-7.8.2.tgz",
      "integrity": "sha512-dhKf903U/PQZY6boNNtAGdWbG85WAbjT/1xYoZIC7FAY0yWapOBQVsVrDl58W86//e1VpMNBtRV4MaXfdMySFA==",
      "license": "Apache-2.0",
      "peer": true,
      "dependencies": {
        "tslib": "^2.1.0"
      }
    },
    "node_modules/smooth-scrollbar": {
      "version": "8.8.4",
      "resolved": "https://registry.npmjs.org/smooth-scrollbar/-/smooth-scrollbar-8.8.4.tgz",
      "integrity": "sha512-Wn2Q/iE+PE1ef4EfhFMhgaIMfSrjJl2LalRu0hBWSrw5nZKGsUIjWFWHnLB/Lpx7N+a1pJH6+wkQzBr+5nWPUg==",
      "license": "MIT",
      "dependencies": {
        "core-js": "^3.6.4",
        "tslib": "^1.10.0"
      }
    },
    "node_modules/smooth-scrollbar/node_modules/tslib": {
      "version": "1.14.1",
      "resolved": "https://registry.npmjs.org/tslib/-/tslib-1.14.1.tgz",
      "integrity": "sha512-Xni35NKzjgMrwevysHTCArtLDpPvye8zV/0E4EyYn43P7/7qvQwPh9BGkHewbMulVntbigmcT7rdX3BNo9wRJg==",
      "license": "0BSD"
    },
    "node_modules/sweetalert2": {
      "version": "11.22.2",
      "resolved": "https://registry.npmjs.org/sweetalert2/-/sweetalert2-11.22.2.tgz",
      "integrity": "sha512-GFQGzw8ZXF23PO79WMAYXLl4zYmLiaKqYJwcp5eBF07wiI5BYPbZtKi2pcvVmfUQK+FqL1risJAMxugcPbGIyg==",
      "license": "MIT",
      "funding": {
        "type": "individual",
        "url": "https://github.com/sponsors/limonte"
      }
    },
    "node_modules/tslib": {
      "version": "2.8.1",
      "resolved": "https://registry.npmjs.org/tslib/-/tslib-2.8.1.tgz",
      "integrity": "sha512-oJFu94HQb+KVduSUQL7wnpmqnfmLsOA/nAh6b6EH0wCEoK0/mPeXU6c3wKDV83MkOuHPRHtSXKKU99IBazS/2w==",
      "license": "0BSD"
    }
  }
}
